{
  "nodes": {
    "esphome": {
      "flake": false,
      "locked": {
        "lastModified": 1600569633,
        "narHash": "sha256-86ASQlNw5uNWozwRSJxHX25V0L98xJT2HMqeSpHsQiw=",
        "owner": "esphome",
        "repo": "esphome",
        "rev": "e3a6c9a6cf181a94d1634e838d4a35eaae555909",
        "type": "github"
      },
      "original": {
        "owner": "esphome",
        "repo": "esphome",
        "type": "github"
      }
    },
    "nixpkgs": {
      "locked": {
        "lastModified": 1600135862,
        "narHash": "sha256-eHhiPQK2FY8Vr+AWpQuNjcId/sfrB+IVJJyuY3tuIwE=",
        "owner": "NixOS",
        "repo": "nixpkgs",
        "rev": "441a7da8080352881bb52f85e910d8855e83fc55",
        "type": "github"
      },
      "original": {
        "owner": "NixOS",
        "ref": "nixos-unstable",
        "repo": "nixpkgs",
        "type": "github"
      }
    },
    "root": {
      "inputs": {
        "esphome": "esphome",
        "nixpkgs": "nixpkgs"
      }
    }
  },
  "root": "root",
  "version": 7
}
